
Microsoft Visual Studio Solution File, Format Version 12.00
# Visual Studio Version 17
VisualStudioVersion = 17.12.35728.132 d17.12
MinimumVisualStudioVersion = 10.0.40219.1
Project("{FAE04EC0-301F-11D3-BF4B-00C04F79EFBC}") = "Contoso.StoreCommerce.MobileApp", "Contoso.StoreCommerce.MobileApp.csproj", "{613B5936-362C-4ADE-BDA8-F4843CA9947E}"
EndProject
Project("{FAE04EC0-301F-11D3-BF4B-00C04F79EFBC}") = "Contoso.StoreCommercePackagingSample.HardwareStation", "..\HardwareStation\Contoso.StoreCommercePackagingSample.HardwareStation.csproj", "{AE28678A-7374-432F-998F-5A303E0A516E}"
EndProject
Global
	GlobalSection(SolutionConfigurationPlatforms) = preSolution
		Debug|Any CPU = Debug|Any CPU
		Release|Any CPU = Release|Any CPU
	EndGlobalSection
	GlobalSection(ProjectConfigurationPlatforms) = postSolution
		{613B5936-362C-4ADE-BDA8-F4843CA9947E}.Debug|Any CPU.ActiveCfg = Debug|Any CPU
		{613B5936-362C-4ADE-BDA8-F4843CA9947E}.Debug|Any CPU.Build.0 = Debug|Any CPU
		{613B5936-362C-4ADE-BDA8-F4843CA9947E}.Debug|Any CPU.Deploy.0 = Debug|Any CPU
		{613B5936-362C-4ADE-BDA8-F4843CA9947E}.Release|Any CPU.ActiveCfg = Release|Any CPU
		{613B5936-362C-4ADE-BDA8-F4843CA9947E}.Release|Any CPU.Build.0 = Release|Any CPU
		{613B5936-362C-4ADE-BDA8-F4843CA9947E}.Release|Any CPU.Deploy.0 = Release|Any CPU
		{AE28678A-7374-432F-998F-5A303E0A516E}.Debug|Any CPU.ActiveCfg = Debug|Any CPU
		{AE28678A-7374-432F-998F-5A303E0A516E}.Debug|Any CPU.Build.0 = Debug|Any CPU
		{AE28678A-7374-432F-998F-5A303E0A516E}.Release|Any CPU.ActiveCfg = Release|Any CPU
		{AE28678A-7374-432F-998F-5A303E0A516E}.Release|Any CPU.Build.0 = Release|Any CPU
	EndGlobalSection
	GlobalSection(SolutionProperties) = preSolution
		HideSolutionNode = FALSE
	EndGlobalSection
EndGlobal
